
Microsoft Visual Studio Solution File, Format Version 12.00
# Visual Studio Version 17
VisualStudioVersion = 17.7.34003.232
MinimumVisualStudioVersion = 10.0.40219.1
Project("{FAE04EC0-301F-11D3-BF4B-00C04F79EFBC}") = "Hangfire", "Hangfire\Hangfire.csproj", "{DA40EC30-0698-412B-B802-77F575C8D991}"
EndProject
Global
	GlobalSection(SolutionConfigurationPlatforms) = preSolution
		Debug|Any CPU = Debug|Any CPU
		Release|Any CPU = Release|Any CPU
	EndGlobalSection
	GlobalSection(ProjectConfigurationPlatforms) = postSolution
		{DA40EC30-0698-412B-B802-77F575C8D991}.Debug|Any CPU.ActiveCfg = Debug|Any CPU
		{DA40EC30-0698-412B-B802-77F575C8D991}.Debug|Any CPU.Build.0 = Debug|Any CPU
		{DA40EC30-0698-412B-B802-77F575C8D991}.Release|Any CPU.ActiveCfg = Release|Any CPU
		{DA40EC30-0698-412B-B802-77F575C8D991}.Release|Any CPU.Build.0 = Release|Any CPU
	EndGlobalSection
	GlobalSection(SolutionProperties) = preSolution
		HideSolutionNode = FALSE
	EndGlobalSection
	GlobalSection(ExtensibilityGlobals) = postSolution
		SolutionGuid = {2A7C295E-133C-4200-9848-A8D72D5E1B11}
	EndGlobalSection
EndGlobal
